
Microsoft Visual Studio Solution File, Format Version 12.00
# Visual Studio 2012
Project("{FAE04EC0-301F-11D3-BF4B-00C04F79EFBC}") = "DBWebService", "DBWebService\DBWebService.csproj", "{79F34614-056C-47B2-8749-8E152D4CFF58}"
EndProject
Global
	GlobalSection(SolutionConfigurationPlatforms) = preSolution
		Debug|Any CPU = Debug|Any CPU
		Release|Any CPU = Release|Any CPU
	EndGlobalSection
	GlobalSection(ProjectConfigurationPlatforms) = postSolution
		{79F34614-056C-47B2-8749-8E152D4CFF58}.Debug|Any CPU.ActiveCfg = Debug|Any CPU
		{79F34614-056C-47B2-8749-8E152D4CFF58}.Debug|Any CPU.Build.0 = Debug|Any CPU
		{79F34614-056C-47B2-8749-8E152D4CFF58}.Release|Any CPU.ActiveCfg = Release|Any CPU
		{79F34614-056C-47B2-8749-8E152D4CFF58}.Release|Any CPU.Build.0 = Release|Any CPU
	EndGlobalSection
	GlobalSection(SolutionProperties) = preSolution
		HideSolutionNode = FALSE
	EndGlobalSection
EndGlobal
